// !$*UTF8*$!
{
	archiveVersion = 1;
	classes = {
	};
	objectVersion = 50;
	objects = {

/* Begin PBXBuildFile section */
		9FE5606427A7C6DD0020FBDD /* MainViewController.swift in Sources */ = {isa = PBXBuildFile; fileRef = 9FE5606327A7C6DD0020FBDD /* MainViewController.swift */; };
		9FE5606627A7C7080020FBDD /* FavouritesTableViewController.swift in Sources */ = {isa = PBXBuildFile; fileRef = 9FE5606527A7C7080020FBDD /* FavouritesTableViewController.swift */; };
		9FE5606C27A82AA20020FBDD /* FavPictureTableViewCell.swift in Sources */ = {isa = PBXBuildFile; fileRef = 9FE5606A27A82AA20020FBDD /* FavPictureTableViewCell.swift */; };
		9FE5606D27A82AA20020FBDD /* FavPictureTableViewCell.xib in Resources */ = {isa = PBXBuildFile; fileRef = 9FE5606B27A82AA20020FBDD /* FavPictureTableViewCell.xib */; };
		9FE5607127A851320020FBDD /* Extensions.swift in Sources */ = {isa = PBXBuildFile; fileRef = 9FE5607027A851320020FBDD /* Extensions.swift */; };
		9FE5607527A86FD00020FBDD /* NASAPictureOfTheDay.xcdatamodeld in Sources */ = {isa = PBXBuildFile; fileRef = 9FE5607327A86FD00020FBDD /* NASAPictureOfTheDay.xcdatamodeld */; };
		9FE560A027A894490020FBDD /* Coredata+Helper.swift in Sources */ = {isa = PBXBuildFile; fileRef = 9FE5609F27A894490020FBDD /* Coredata+Helper.swift */; };
		9FF759B527A55FE300F00B09 /* AppDelegate.swift in Sources */ = {isa = PBXBuildFile; fileRef = 9FF759B427A55FE300F00B09 /* AppDelegate.swift */; };
		9FF759B727A55FE300F00B09 /* SceneDelegate.swift in Sources */ = {isa = PBXBuildFile; fileRef = 9FF759B627A55FE300F00B09 /* SceneDelegate.swift */; };
		9FF759B927A55FE300F00B09 /* ViewController.swift in Sources */ = {isa = PBXBuildFile; fileRef = 9FF759B827A55FE300F00B09 /* ViewController.swift */; };
		9FF759BC27A55FE300F00B09 /* Main.storyboard in Resources */ = {isa = PBXBuildFile; fileRef = 9FF759BA27A55FE300F00B09 /* Main.storyboard */; };
		9FF759BE27A55FE600F00B09 /* Assets.xcassets in Resources */ = {isa = PBXBuildFile; fileRef = 9FF759BD27A55FE600F00B09 /* Assets.xcassets */; };
		9FF759C127A55FE600F00B09 /* LaunchScreen.storyboard in Resources */ = {isa = PBXBuildFile; fileRef = 9FF759BF27A55FE600F00B09 /* LaunchScreen.storyboard */; };
		9FF759CA27A5600E00F00B09 /* PictureOfTheDay.swift in Sources */ = {isa = PBXBuildFile; fileRef = 9FF759C927A5600E00F00B09 /* PictureOfTheDay.swift */; };
/* End PBXBuildFile section */

/* Begin PBXFileReference section */
		9FE5606327A7C6DD0020FBDD /* MainViewController.swift */ = {isa = PBXFileReference; lastKnownFileType = sourcecode.swift; path = MainViewController.swift; sourceTree = "<group>"; };
		9FE5606527A7C7080020FBDD /* FavouritesTableViewController.swift */ = {isa = PBXFileReference; lastKnownFileType = sourcecode.swift; path = FavouritesTableViewController.swift; sourceTree = "<group>"; };
		9FE5606A27A82AA20020FBDD /* FavPictureTableViewCell.swift */ = {isa = PBXFileReference; lastKnownFileType = sourcecode.swift; path = FavPictureTableViewCell.swift; sourceTree = "<group>"; };
		9FE5606B27A82AA20020FBDD /* FavPictureTableViewCell.xib */ = {isa = PBXFileReference; lastKnownFileType = file.xib; path = FavPictureTableViewCell.xib; sourceTree = "<group>"; };
		9FE5607027A851320020FBDD /* Extensions.swift */ = {isa = PBXFileReference; lastKnownFileType = sourcecode.swift; path = Extensions.swift; sourceTree = "<group>"; };
		9FE5607427A86FD00020FBDD /* NASAPictureOfTheDay.xcdatamodel */ = {isa = PBXFileReference; lastKnownFileType = wrapper.xcdatamodel; path = NASAPictureOfTheDay.xcdatamodel; sourceTree = "<group>"; };
		9FE5609F27A894490020FBDD /* Coredata+Helper.swift */ = {isa = PBXFileReference; lastKnownFileType = sourcecode.swift; path = "Coredata+Helper.swift"; sourceTree = "<group>"; };
		9FF759B127A55FE300F00B09 /* NASAPictureOfTheDay.app */ = {isa = PBXFileReference; explicitFileType = wrapper.application; includeInIndex = 0; path = NASAPictureOfTheDay.app; sourceTree = BUILT_PRODUCTS_DIR; };
		9FF759B427A55FE300F00B09 /* AppDelegate.swift */ = {isa = PBXFileReference; lastKnownFileType = sourcecode.swift; path = AppDelegate.swift; sourceTree = "<group>"; };
		9FF759B627A55FE300F00B09 /* SceneDelegate.swift */ = {isa = PBXFileReference; lastKnownFileType = sourcecode.swift; path = SceneDelegate.swift; sourceTree = "<group>"; };
		9FF759B827A55FE300F00B09 /* ViewController.swift */ = {isa = PBXFileReference; lastKnownFileType = sourcecode.swift; path = ViewController.swift; sourceTree = "<group>"; };
		9FF759BB27A55FE300F00B09 /* Base */ = {isa = PBXFileReference; lastKnownFileType = file.storyboard; name = Base; path = Base.lproj/Main.storyboard; sourceTree = "<group>"; };
		9FF759BD27A55FE600F00B09 /* Assets.xcassets */ = {isa = PBXFileReference; lastKnownFileType = folder.assetcatalog; path = Assets.xcassets; sourceTree = "<group>"; };
		9FF759C027A55FE600F00B09 /* Base */ = {isa = PBXFileReference; lastKnownFileType = file.storyboard; name = Base; path = Base.lproj/LaunchScreen.storyboard; sourceTree = "<group>"; };
		9FF759C227A55FE600F00B09 /* Info.plist */ = {isa = PBXFileReference; lastKnownFileType = text.plist.xml; path = Info.plist; sourceTree = "<group>"; };
		9FF759C927A5600E00F00B09 /* PictureOfTheDay.swift */ = {isa = PBXFileReference; lastKnownFileType = sourcecode.swift; path = PictureOfTheDay.swift; sourceTree = "<group>"; };
/* End PBXFileReference section */

/* Begin PBXFrameworksBuildPhase section */
		9FF759AE27A55FE300F00B09 /* Frameworks */ = {
			isa = PBXFrameworksBuildPhase;
			buildActionMask = 2147483647;
			files = (
			);
			runOnlyForDeploymentPostprocessing = 0;
		};
/* End PBXFrameworksBuildPhase section */

/* Begin PBXGroup section */
		9FE5606227A7C6B30020FBDD /* Controllers */ = {
			isa = PBXGroup;
			children = (
				9FF759B827A55FE300F00B09 /* ViewController.swift */,
				9FE5606327A7C6DD0020FBDD /* MainViewController.swift */,
				9FE5606527A7C7080020FBDD /* FavouritesTableViewController.swift */,
			);
			path = Controllers;
			sourceTree = "<group>";
		};
		9FE5606927A82A7B0020FBDD /* TableViewCells */ = {
			isa = PBXGroup;
			children = (
				9FE5606A27A82AA20020FBDD /* FavPictureTableViewCell.swift */,
				9FE5606B27A82AA20020FBDD /* FavPictureTableViewCell.xib */,
			);
			path = TableViewCells;
			sourceTree = "<group>";
		};
		9FE5606F27A851180020FBDD /* Extensions */ = {
			isa = PBXGroup;
			children = (
				9FE5607027A851320020FBDD /* Extensions.swift */,
			);
			path = Extensions;
			sourceTree = "<group>";
		};
		9FE5609E27A894260020FBDD /* Commons */ = {
			isa = PBXGroup;
			children = (
				9FE5609F27A894490020FBDD /* Coredata+Helper.swift */,
			);
			path = Commons;
			sourceTree = "<group>";
		};
		9FF759A827A55FE300F00B09 = {
			isa = PBXGroup;
			children = (
				9FF759B327A55FE300F00B09 /* NASAPictureOfTheDay */,
				9FF759B227A55FE300F00B09 /* Products */,
			);
			sourceTree = "<group>";
		};
		9FF759B227A55FE300F00B09 /* Products */ = {
			isa = PBXGroup;
			children = (
				9FF759B127A55FE300F00B09 /* NASAPictureOfTheDay.app */,
			);
			name = Products;
			sourceTree = "<group>";
		};
		9FF759B327A55FE300F00B09 /* NASAPictureOfTheDay */ = {
			isa = PBXGroup;
			children = (
				9FE5609E27A894260020FBDD /* Commons */,
				9FE5606F27A851180020FBDD /* Extensions */,
				9FE5606927A82A7B0020FBDD /* TableViewCells */,
				9FE5606227A7C6B30020FBDD /* Controllers */,
				9FF759C827A55FF200F00B09 /* Model */,
				9FF759B427A55FE300F00B09 /* AppDelegate.swift */,
				9FF759B627A55FE300F00B09 /* SceneDelegate.swift */,
				9FF759BA27A55FE300F00B09 /* Main.storyboard */,
				9FF759BD27A55FE600F00B09 /* Assets.xcassets */,
				9FF759BF27A55FE600F00B09 /* LaunchScreen.storyboard */,
				9FF759C227A55FE600F00B09 /* Info.plist */,
				9FE5607327A86FD00020FBDD /* NASAPictureOfTheDay.xcdatamodeld */,
			);
			path = NASAPictureOfTheDay;
			sourceTree = "<group>";
		};
		9FF759C827A55FF200F00B09 /* Model */ = {
			isa = PBXGroup;
			children = (
				9FF759C927A5600E00F00B09 /* PictureOfTheDay.swift */,
			);
			path = Model;
			sourceTree = "<group>";
		};
/* End PBXGroup section */

/* Begin PBXNativeTarget section */
		9FF759B027A55FE300F00B09 /* NASAPictureOfTheDay */ = {
			isa = PBXNativeTarget;
			buildConfigurationList = 9FF759C527A55FE600F00B09 /* Build configuration list for PBXNativeTarget "NASAPictureOfTheDay" */;
			buildPhases = (
				9FF759AD27A55FE300F00B09 /* Sources */,
				9FF759AE27A55FE300F00B09 /* Frameworks */,
				9FF759AF27A55FE300F00B09 /* Resources */,
			);
			buildRules = (
			);
			dependencies = (
			);
			name = NASAPictureOfTheDay;
			productName = NASAPictureOfTheDay;
			productReference = 9FF759B127A55FE300F00B09 /* NASAPictureOfTheDay.app */;
			productType = "com.apple.product-type.application";
		};
/* End PBXNativeTarget section */

/* Begin PBXProject section */
		9FF759A927A55FE300F00B09 /* Project object */ = {
			isa = PBXProject;
			attributes = {
				LastSwiftUpdateCheck = 1250;
				LastUpgradeCheck = 1250;
				TargetAttributes = {
					9FF759B027A55FE300F00B09 = {
						CreatedOnToolsVersion = 12.5.1;
					};
				};
			};
			buildConfigurationList = 9FF759AC27A55FE300F00B09 /* Build configuration list for PBXProject "NASAPictureOfTheDay" */;
			compatibilityVersion = "Xcode 9.3";
			developmentRegion = en;
			hasScannedForEncodings = 0;
			knownRegions = (
				en,
				Base,
			);
			mainGroup = 9FF759A827A55FE300F00B09;
			productRefGroup = 9FF759B227A55FE300F00B09 /* Products */;
			projectDirPath = "";
			projectRoot = "";
			targets = (
				9FF759B027A55FE300F00B09 /* NASAPictureOfTheDay */,
			);
		};
/* End PBXProject section */

/* Begin PBXResourcesBuildPhase section */
		9FF759AF27A55FE300F00B09 /* Resources */ = {
			isa = PBXResourcesBuildPhase;
			buildActionMask = 2147483647;
			files = (
				9FE5606D27A82AA20020FBDD /* FavPictureTableViewCell.xib in Resources */,
				9FF759C127A55FE600F00B09 /* LaunchScreen.storyboard in Resources */,
				9FF759BE27A55FE600F00B09 /* Assets.xcassets in Resources */,
				9FF759BC27A55FE300F00B09 /* Main.storyboard in Resources */,
			);
			runOnlyForDeploymentPostprocessing = 0;
		};
/* End PBXResourcesBuildPhase section */

/* Begin PBXSourcesBuildPhase section */
		9FF759AD27A55FE300F00B09 /* Sources */ = {
			isa = PBXSourcesBuildPhase;
			buildActionMask = 2147483647;
			files = (
				9FF759CA27A5600E00F00B09 /* PictureOfTheDay.swift in Sources */,
				9FF759B927A55FE300F00B09 /* ViewController.swift in Sources */,
				9FF759B527A55FE300F00B09 /* AppDelegate.swift in Sources */,
				9FE5607127A851320020FBDD /* Extensions.swift in Sources */,
				9FF759B727A55FE300F00B09 /* SceneDelegate.swift in Sources */,
				9FE5607527A86FD00020FBDD /* NASAPictureOfTheDay.xcdatamodeld in Sources */,
				9FE5606427A7C6DD0020FBDD /* MainViewController.swift in Sources */,
				9FE5606C27A82AA20020FBDD /* FavPictureTableViewCell.swift in Sources */,
				9FE560A027A894490020FBDD /* Coredata+Helper.swift in Sources */,
				9FE5606627A7C7080020FBDD /* FavouritesTableViewController.swift in Sources */,
			);
			runOnlyForDeploymentPostprocessing = 0;
		};
/* End PBXSourcesBuildPhase section */

/* Begin PBXVariantGroup section */
		9FF759BA27A55FE300F00B09 /* Main.storyboard */ = {
			isa = PBXVariantGroup;
			children = (
				9FF759BB27A55FE300F00B09 /* Base */,
			);
			name = Main.storyboard;
			sourceTree = "<group>";
		};
		9FF759BF27A55FE600F00B09 /* LaunchScreen.storyboard */ = {
			isa = PBXVariantGroup;
			children = (
				9FF759C027A55FE600F00B09 /* Base */,
			);
			name = LaunchScreen.storyboard;
			sourceTree = "<group>";
		};
/* End PBXVariantGroup section */

/* Begin XCBuildConfiguration section */
		9FF759C327A55FE600F00B09 /* Debug */ = {
			isa = XCBuildConfiguration;
			buildSettings = {
				ALWAYS_SEARCH_USER_PATHS = NO;
				CLANG_ANALYZER_NONNULL = YES;
				CLANG_ANALYZER_NUMBER_OBJECT_CONVERSION = YES_AGGRESSIVE;
				CLANG_CXX_LANGUAGE_STANDARD = "gnu++14";
				CLANG_CXX_LIBRARY = "libc++";
				CLANG_ENABLE_MODULES = YES;
				CLANG_ENABLE_OBJC_ARC = YES;
				CLANG_ENABLE_OBJC_WEAK = YES;
				CLANG_WARN_BLOCK_CAPTURE_AUTORELEASING = YES;
				CLANG_WARN_BOOL_CONVERSION = YES;
				CLANG_WARN_COMMA = YES;
				CLANG_WARN_CONSTANT_CONVERSION = YES;
				CLANG_WARN_DEPRECATED_OBJC_IMPLEMENTATIONS = YES;
				CLANG_WARN_DIRECT_OBJC_ISA_USAGE = YES_ERROR;
				CLANG_WARN_DOCUMENTATION_COMMENTS = YES;
				CLANG_WARN_EMPTY_BODY = YES;
				CLANG_WARN_ENUM_CONVERSION = YES;
				CLANG_WARN_INFINITE_RECURSION = YES;
				CLANG_WARN_INT_CONVERSION = YES;
				CLANG_WARN_NON_LITERAL_NULL_CONVERSION = YES;
				CLANG_WARN_OBJC_IMPLICIT_RETAIN_SELF = YES;
				CLANG_WARN_OBJC_LITERAL_CONVERSION = YES;
				CLANG_WARN_OBJC_ROOT_CLASS = YES_ERROR;
				CLANG_WARN_QUOTED_INCLUDE_IN_FRAMEWORK_HEADER = YES;
				CLANG_WARN_RANGE_LOOP_ANALYSIS = YES;
				CLANG_WARN_STRICT_PROTOTYPES = YES;
				CLANG_WARN_SUSPICIOUS_MOVE = YES;
				CLANG_WARN_UNGUARDED_AVAILABILITY = YES_AGGRESSIVE;
				CLANG_WARN_UNREACHABLE_CODE = YES;
				CLANG_WARN__DUPLICATE_METHOD_MATCH = YES;
				COPY_PHASE_STRIP = NO;
				DEBUG_INFORMATION_FORMAT = dwarf;
				ENABLE_STRICT_OBJC_MSGSEND = YES;
				ENABLE_TESTABILITY = YES;
				GCC_C_LANGUAGE_STANDARD = gnu11;
				GCC_DYNAMIC_NO_PIC = NO;
				GCC_NO_COMMON_BLOCKS = YES;
				GCC_OPTIMIZATION_LEVEL = 0;
				GCC_PREPROCESSOR_DEFINITIONS = (
					"DEBUG=1",
					"$(inherited)",
				);
				GCC_WARN_64_TO_32_BIT_CONVERSION = YES;
				GCC_WARN_ABOUT_RETURN_TYPE = YES_ERROR;
				GCC_WARN_UNDECLARED_SELECTOR = YES;
				GCC_WARN_UNINITIALIZED_AUTOS = YES_AGGRESSIVE;
				GCC_WARN_UNUSED_FUNCTION = YES;
				GCC_WARN_UNUSED_VARIABLE = YES;
				IPHONEOS_DEPLOYMENT_TARGET = 14.5;
				MTL_ENABLE_DEBUG_INFO = INCLUDE_SOURCE;
				MTL_FAST_MATH = YES;
				ONLY_ACTIVE_ARCH = YES;
				SDKROOT = iphoneos;
				SWIFT_ACTIVE_COMPILATION_CONDITIONS = DEBUG;
				SWIFT_OPTIMIZATION_LEVEL = "-Onone";
			};
			name = Debug;
		};
		9FF759C427A55FE600F00B09 /* Release */ = {
			isa = XCBuildConfiguration;
			buildSettings = {
				ALWAYS_SEARCH_USER_PATHS = NO;
				CLANG_ANALYZER_NONNULL = YES;
				CLANG_ANALYZER_NUMBER_OBJECT_CONVERSION = YES_AGGRESSIVE;
				CLANG_CXX_LANGUAGE_STANDARD = "gnu++14";
				CLANG_CXX_LIBRARY = "libc++";
				CLANG_ENABLE_MODULES = YES;
				CLANG_ENABLE_OBJC_ARC = YES;
				CLANG_ENABLE_OBJC_WEAK = YES;
				CLANG_WARN_BLOCK_CAPTURE_AUTORELEASING = YES;
				CLANG_WARN_BOOL_CONVERSION = YES;
				CLANG_WARN_COMMA = YES;
				CLANG_WARN_CONSTANT_CONVERSION = YES;
				CLANG_WARN_DEPRECATED_OBJC_IMPLEMENTATIONS = YES;
				CLANG_WARN_DIRECT_OBJC_ISA_USAGE = YES_ERROR;
				CLANG_WARN_DOCUMENTATION_COMMENTS = YES;
				CLANG_WARN_EMPTY_BODY = YES;
				CLANG_WARN_ENUM_CONVERSION = YES;
				CLANG_WARN_INFINITE_RECURSION = YES;
				CLANG_WARN_INT_CONVERSION = YES;
				CLANG_WARN_NON_LITERAL_NULL_CONVERSION = YES;
				CLANG_WARN_OBJC_IMPLICIT_RETAIN_SELF = YES;
				CLANG_WARN_OBJC_LITERAL_CONVERSION = YES;
				CLANG_WARN_OBJC_ROOT_CLASS = YES_ERROR;
				CLANG_WARN_QUOTED_INCLUDE_IN_FRAMEWORK_HEADER = YES;
				CLANG_WARN_RANGE_LOOP_ANALYSIS = YES;
				CLANG_WARN_STRICT_PROTOTYPES = YES;
				CLANG_WARN_SUSPICIOUS_MOVE = YES;
				CLANG_WARN_UNGUARDED_AVAILABILITY = YES_AGGRESSIVE;
				CLANG_WARN_UNREACHABLE_CODE = YES;
				CLANG_WARN__DUPLICATE_METHOD_MATCH = YES;
				COPY_PHASE_STRIP = NO;
				DEBUG_INFORMATION_FORMAT = "dwarf-with-dsym";
				ENABLE_NS_ASSERTIONS = NO;
				ENABLE_STRICT_OBJC_MSGSEND = YES;
				GCC_C_LANGUAGE_STANDARD = gnu11;
				GCC_NO_COMMON_BLOCKS = YES;
				GCC_WARN_64_TO_32_BIT_CONVERSION = YES;
				GCC_WARN_ABOUT_RETURN_TYPE = YES_ERROR;
				GCC_WARN_UNDECLARED_SELECTOR = YES;
				GCC_WARN_UNINITIALIZED_AUTOS = YES_AGGRESSIVE;
				GCC_WARN_UNUSED_FUNCTION = YES;
				GCC_WARN_UNUSED_VARIABLE = YES;
				IPHONEOS_DEPLOYMENT_TARGET = 14.5;
				MTL_ENABLE_DEBUG_INFO = NO;
				MTL_FAST_MATH = YES;
				SDKROOT = iphoneos;
				SWIFT_COMPILATION_MODE = wholemodule;
				SWIFT_OPTIMIZATION_LEVEL = "-O";
				VALIDATE_PRODUCT = YES;
			};
			name = Release;
		};
		9FF759C627A55FE600F00B09 /* Debug */ = {
			isa = XCBuildConfiguration;
			buildSettings = {
				ASSETCATALOG_COMPILER_APPICON_NAME = AppIcon;
				ASSETCATALOG_COMPILER_GLOBAL_ACCENT_COLOR_NAME = AccentColor;
				CODE_SIGN_STYLE = Automatic;
				INFOPLIST_FILE = NASAPictureOfTheDay/Info.plist;
				LD_RUNPATH_SEARCH_PATHS = (
					"$(inherited)",
					"@executable_path/Frameworks",
				);
				PRODUCT_BUNDLE_IDENTIFIER = com.vz.NASAPictureOfTheDay;
				PRODUCT_NAME = "$(TARGET_NAME)";
				SWIFT_VERSION = 5.0;
				TARGETED_DEVICE_FAMILY = "1,2";
			};
			name = Debug;
		};
		9FF759C727A55FE600F00B09 /* Release */ = {
			isa = XCBuildConfiguration;
			buildSettings = {
				ASSETCATALOG_COMPILER_APPICON_NAME = AppIcon;
				ASSETCATALOG_COMPILER_GLOBAL_ACCENT_COLOR_NAME = AccentColor;
				CODE_SIGN_STYLE = Automatic;
				INFOPLIST_FILE = NASAPictureOfTheDay/Info.plist;
				LD_RUNPATH_SEARCH_PATHS = (
					"$(inherited)",
					"@executable_path/Frameworks",
				);
				PRODUCT_BUNDLE_IDENTIFIER = com.vz.NASAPictureOfTheDay;
				PRODUCT_NAME = "$(TARGET_NAME)";
				SWIFT_VERSION = 5.0;
				TARGETED_DEVICE_FAMILY = "1,2";
			};
			name = Release;
		};
/* End XCBuildConfiguration section */

/* Begin XCConfigurationList section */
		9FF759AC27A55FE300F00B09 /* Build configuration list for PBXProject "NASAPictureOfTheDay" */ = {
			isa = XCConfigurationList;
			buildConfigurations = (
				9FF759C327A55FE600F00B09 /* Debug */,
				9FF759C427A55FE600F00B09 /* Release */,
			);
			defaultConfigurationIsVisible = 0;
			defaultConfigurationName = Release;
		};
		9FF759C527A55FE600F00B09 /* Build configuration list for PBXNativeTarget "NASAPictureOfTheDay" */ = {
			isa = XCConfigurationList;
			buildConfigurations = (
				9FF759C627A55FE600F00B09 /* Debug */,
				9FF759C727A55FE600F00B09 /* Release */,
			);
			defaultConfigurationIsVisible = 0;
			defaultConfigurationName = Release;
		};
/* End XCConfigurationList section */

/* Begin XCVersionGroup section */
		9FE5607327A86FD00020FBDD /* NASAPictureOfTheDay.xcdatamodeld */ = {
			isa = XCVersionGroup;
			children = (
				9FE5607427A86FD00020FBDD /* NASAPictureOfTheDay.xcdatamodel */,
			);
			currentVersion = 9FE5607427A86FD00020FBDD /* NASAPictureOfTheDay.xcdatamodel */;
			path = NASAPictureOfTheDay.xcdatamodeld;
			sourceTree = "<group>";
			versionGroupType = wrapper.xcdatamodel;
		};
/* End XCVersionGroup section */
	};
	rootObject = 9FF759A927A55FE300F00B09 /* Project object */;
}
